
Microsoft Visual Studio Solution File, Format Version 12.00
# Visual Studio Version 16
VisualStudioVersion = 16.0.30225.117
MinimumVisualStudioVersion = 10.0.40219.1
Project("{FAE04EC0-301F-11D3-BF4B-00C04F79EFBC}") = "MvvmLightSample", "MvvmLightSample\MvvmLightSample.csproj", "{477B1AB5-7092-49A3-BD93-3451938D737E}"
EndProject
Project("{FAE04EC0-301F-11D3-BF4B-00C04F79EFBC}") = "WpfMvvmLightBasicSample", "WpfMvvmLightBasicSample\WpfMvvmLightBasicSample.csproj", "{AB6A967E-9039-4E16-B574-90DC18FD303D}"
EndProject
Project("{FAE04EC0-301F-11D3-BF4B-00C04F79EFBC}") = "UWPMvvmLightBasic", "UWPMvvmLightBasic\UWPMvvmLightBasic.csproj", "{2270934E-FD87-4556-8837-CE1494AA669A}"
EndProject
Global
	GlobalSection(SolutionConfigurationPlatforms) = preSolution
		Debug|Any CPU = Debug|Any CPU
		Debug|ARM = Debug|ARM
		Debug|ARM64 = Debug|ARM64
		Debug|x64 = Debug|x64
		Debug|x86 = Debug|x86
		Release|Any CPU = Release|Any CPU
		Release|ARM = Release|ARM
		Release|ARM64 = Release|ARM64
		Release|x64 = Release|x64
		Release|x86 = Release|x86
	EndGlobalSection
	GlobalSection(ProjectConfigurationPlatforms) = postSolution
		{477B1AB5-7092-49A3-BD93-3451938D737E}.Debug|Any CPU.ActiveCfg = Debug|x86
		{477B1AB5-7092-49A3-BD93-3451938D737E}.Debug|ARM.ActiveCfg = Debug|ARM
		{477B1AB5-7092-49A3-BD93-3451938D737E}.Debug|ARM.Build.0 = Debug|ARM
		{477B1AB5-7092-49A3-BD93-3451938D737E}.Debug|ARM.Deploy.0 = Debug|ARM
		{477B1AB5-7092-49A3-BD93-3451938D737E}.Debug|ARM64.ActiveCfg = Debug|ARM64
		{477B1AB5-7092-49A3-BD93-3451938D737E}.Debug|ARM64.Build.0 = Debug|ARM64
		{477B1AB5-7092-49A3-BD93-3451938D737E}.Debug|ARM64.Deploy.0 = Debug|ARM64
		{477B1AB5-7092-49A3-BD93-3451938D737E}.Debug|x64.ActiveCfg = Debug|x64
		{477B1AB5-7092-49A3-BD93-3451938D737E}.Debug|x64.Build.0 = Debug|x64
		{477B1AB5-7092-49A3-BD93-3451938D737E}.Debug|x64.Deploy.0 = Debug|x64
		{477B1AB5-7092-49A3-BD93-3451938D737E}.Debug|x86.ActiveCfg = Debug|x86
		{477B1AB5-7092-49A3-BD93-3451938D737E}.Debug|x86.Build.0 = Debug|x86
		{477B1AB5-7092-49A3-BD93-3451938D737E}.Debug|x86.Deploy.0 = Debug|x86
		{477B1AB5-7092-49A3-BD93-3451938D737E}.Release|Any CPU.ActiveCfg = Release|x86
		{477B1AB5-7092-49A3-BD93-3451938D737E}.Release|ARM.ActiveCfg = Release|ARM
		{477B1AB5-7092-49A3-BD93-3451938D737E}.Release|ARM.Build.0 = Release|ARM
		{477B1AB5-7092-49A3-BD93-3451938D737E}.Release|ARM.Deploy.0 = Release|ARM
		{477B1AB5-7092-49A3-BD93-3451938D737E}.Release|ARM64.ActiveCfg = Release|ARM64
		{477B1AB5-7092-49A3-BD93-3451938D737E}.Release|ARM64.Build.0 = Release|ARM64
		{477B1AB5-7092-49A3-BD93-3451938D737E}.Release|ARM64.Deploy.0 = Release|ARM64
		{477B1AB5-7092-49A3-BD93-3451938D737E}.Release|x64.ActiveCfg = Release|x64
		{477B1AB5-7092-49A3-BD93-3451938D737E}.Release|x64.Build.0 = Release|x64
		{477B1AB5-7092-49A3-BD93-3451938D737E}.Release|x64.Deploy.0 = Release|x64
		{477B1AB5-7092-49A3-BD93-3451938D737E}.Release|x86.ActiveCfg = Release|x86
		{477B1AB5-7092-49A3-BD93-3451938D737E}.Release|x86.Build.0 = Release|x86
		{477B1AB5-7092-49A3-BD93-3451938D737E}.Release|x86.Deploy.0 = Release|x86
		{AB6A967E-9039-4E16-B574-90DC18FD303D}.Debug|Any CPU.ActiveCfg = Debug|Any CPU
		{AB6A967E-9039-4E16-B574-90DC18FD303D}.Debug|Any CPU.Build.0 = Debug|Any CPU
		{AB6A967E-9039-4E16-B574-90DC18FD303D}.Debug|ARM.ActiveCfg = Debug|Any CPU
		{AB6A967E-9039-4E16-B574-90DC18FD303D}.Debug|ARM.Build.0 = Debug|Any CPU
		{AB6A967E-9039-4E16-B574-90DC18FD303D}.Debug|ARM64.ActiveCfg = Debug|Any CPU
		{AB6A967E-9039-4E16-B574-90DC18FD303D}.Debug|ARM64.Build.0 = Debug|Any CPU
		{AB6A967E-9039-4E16-B574-90DC18FD303D}.Debug|x64.ActiveCfg = Debug|Any CPU
		{AB6A967E-9039-4E16-B574-90DC18FD303D}.Debug|x64.Build.0 = Debug|Any CPU
		{AB6A967E-9039-4E16-B574-90DC18FD303D}.Debug|x86.ActiveCfg = Debug|Any CPU
		{AB6A967E-9039-4E16-B574-90DC18FD303D}.Debug|x86.Build.0 = Debug|Any CPU
		{AB6A967E-9039-4E16-B574-90DC18FD303D}.Release|Any CPU.ActiveCfg = Release|Any CPU
		{AB6A967E-9039-4E16-B574-90DC18FD303D}.Release|Any CPU.Build.0 = Release|Any CPU
		{AB6A967E-9039-4E16-B574-90DC18FD303D}.Release|ARM.ActiveCfg = Release|Any CPU
		{AB6A967E-9039-4E16-B574-90DC18FD303D}.Release|ARM.Build.0 = Release|Any CPU
		{AB6A967E-9039-4E16-B574-90DC18FD303D}.Release|ARM64.ActiveCfg = Release|Any CPU
		{AB6A967E-9039-4E16-B574-90DC18FD303D}.Release|ARM64.Build.0 = Release|Any CPU
		{AB6A967E-9039-4E16-B574-90DC18FD303D}.Release|x64.ActiveCfg = Release|Any CPU
		{AB6A967E-9039-4E16-B574-90DC18FD303D}.Release|x64.Build.0 = Release|Any CPU
		{AB6A967E-9039-4E16-B574-90DC18FD303D}.Release|x86.ActiveCfg = Release|Any CPU
		{AB6A967E-9039-4E16-B574-90DC18FD303D}.Release|x86.Build.0 = Release|Any CPU
		{2270934E-FD87-4556-8837-CE1494AA669A}.Debug|Any CPU.ActiveCfg = Debug|x86
		{2270934E-FD87-4556-8837-CE1494AA669A}.Debug|ARM.ActiveCfg = Debug|ARM
		{2270934E-FD87-4556-8837-CE1494AA669A}.Debug|ARM.Build.0 = Debug|ARM
		{2270934E-FD87-4556-8837-CE1494AA669A}.Debug|ARM.Deploy.0 = Debug|ARM
		{2270934E-FD87-4556-8837-CE1494AA669A}.Debug|ARM64.ActiveCfg = Debug|ARM64
		{2270934E-FD87-4556-8837-CE1494AA669A}.Debug|ARM64.Build.0 = Debug|ARM64
		{2270934E-FD87-4556-8837-CE1494AA669A}.Debug|ARM64.Deploy.0 = Debug|ARM64
		{2270934E-FD87-4556-8837-CE1494AA669A}.Debug|x64.ActiveCfg = Debug|x64
		{2270934E-FD87-4556-8837-CE1494AA669A}.Debug|x64.Build.0 = Debug|x64
		{2270934E-FD87-4556-8837-CE1494AA669A}.Debug|x64.Deploy.0 = Debug|x64
		{2270934E-FD87-4556-8837-CE1494AA669A}.Debug|x86.ActiveCfg = Debug|x86
		{2270934E-FD87-4556-8837-CE1494AA669A}.Debug|x86.Build.0 = Debug|x86
		{2270934E-FD87-4556-8837-CE1494AA669A}.Debug|x86.Deploy.0 = Debug|x86
		{2270934E-FD87-4556-8837-CE1494AA669A}.Release|Any CPU.ActiveCfg = Release|x86
		{2270934E-FD87-4556-8837-CE1494AA669A}.Release|ARM.ActiveCfg = Release|ARM
		{2270934E-FD87-4556-8837-CE1494AA669A}.Release|ARM.Build.0 = Release|ARM
		{2270934E-FD87-4556-8837-CE1494AA669A}.Release|ARM.Deploy.0 = Release|ARM
		{2270934E-FD87-4556-8837-CE1494AA669A}.Release|ARM64.ActiveCfg = Release|ARM64
		{2270934E-FD87-4556-8837-CE1494AA669A}.Release|ARM64.Build.0 = Release|ARM64
		{2270934E-FD87-4556-8837-CE1494AA669A}.Release|ARM64.Deploy.0 = Release|ARM64
		{2270934E-FD87-4556-8837-CE1494AA669A}.Release|x64.ActiveCfg = Release|x64
		{2270934E-FD87-4556-8837-CE1494AA669A}.Release|x64.Build.0 = Release|x64
		{2270934E-FD87-4556-8837-CE1494AA669A}.Release|x64.Deploy.0 = Release|x64
		{2270934E-FD87-4556-8837-CE1494AA669A}.Release|x86.ActiveCfg = Release|x86
		{2270934E-FD87-4556-8837-CE1494AA669A}.Release|x86.Build.0 = Release|x86
		{2270934E-FD87-4556-8837-CE1494AA669A}.Release|x86.Deploy.0 = Release|x86
	EndGlobalSection
	GlobalSection(SolutionProperties) = preSolution
		HideSolutionNode = FALSE
	EndGlobalSection
	GlobalSection(ExtensibilityGlobals) = postSolution
		SolutionGuid = {0D2B0BB0-8718-45DD-839C-EBE2B6028742}
	EndGlobalSection
EndGlobal
